
Microsoft Visual Studio Solution File, Format Version 12.00
# Visual Studio 15
VisualStudioVersion = 15.0.28307.106
MinimumVisualStudioVersion = 10.0.40219.1
Project("{9A19103F-16F7-4668-BE54-9A1E7A4F7556}") = "HouseholdPlannerApi", "HouseholdPlannerApi\HouseholdPlannerApi.csproj", "{75480DA1-841F-422B-8951-3B7B275E02A1}"
EndProject
Project("{9A19103F-16F7-4668-BE54-9A1E7A4F7556}") = "HouseholdPlanner.Contracts", "HouseholdPlanner.Contracts\HouseholdPlanner.Contracts.csproj", "{ED8460D1-E807-4479-B1CA-DE0D69F039E8}"
EndProject
Project("{9A19103F-16F7-4668-BE54-9A1E7A4F7556}") = "HouseholdPlanner.Models", "HouseholdPlanner.Models\HouseholdPlanner.Models.csproj", "{9CBC23C7-1B35-43BD-9023-0BCB248BA4F3}"
EndProject
Project("{9A19103F-16F7-4668-BE54-9A1E7A4F7556}") = "HouseholdPlanner.Services", "HouseholdPlanner.Services\HouseholdPlanner.Services.csproj", "{AB0A0297-FAEA-4302-B8FC-CF1828EC948B}"
EndProject
Project("{9A19103F-16F7-4668-BE54-9A1E7A4F7556}") = "HouseholdPlanner.Data.EntityFramework", "HouseholdPlanner.Data\HouseholdPlanner.Data.EntityFramework.csproj", "{2AF3E3C7-E604-4568-B1E5-904BAA1261A5}"
EndProject
Global
	GlobalSection(SolutionConfigurationPlatforms) = preSolution
		Debug|Any CPU = Debug|Any CPU
		Release|Any CPU = Release|Any CPU
	EndGlobalSection
	GlobalSection(ProjectConfigurationPlatforms) = postSolution
		{75480DA1-841F-422B-8951-3B7B275E02A1}.Debug|Any CPU.ActiveCfg = Debug|Any CPU
		{75480DA1-841F-422B-8951-3B7B275E02A1}.Debug|Any CPU.Build.0 = Debug|Any CPU
		{75480DA1-841F-422B-8951-3B7B275E02A1}.Release|Any CPU.ActiveCfg = Release|Any CPU
		{75480DA1-841F-422B-8951-3B7B275E02A1}.Release|Any CPU.Build.0 = Release|Any CPU
		{ED8460D1-E807-4479-B1CA-DE0D69F039E8}.Debug|Any CPU.ActiveCfg = Debug|Any CPU
		{ED8460D1-E807-4479-B1CA-DE0D69F039E8}.Debug|Any CPU.Build.0 = Debug|Any CPU
		{ED8460D1-E807-4479-B1CA-DE0D69F039E8}.Release|Any CPU.ActiveCfg = Release|Any CPU
		{ED8460D1-E807-4479-B1CA-DE0D69F039E8}.Release|Any CPU.Build.0 = Release|Any CPU
		{9CBC23C7-1B35-43BD-9023-0BCB248BA4F3}.Debug|Any CPU.ActiveCfg = Debug|Any CPU
		{9CBC23C7-1B35-43BD-9023-0BCB248BA4F3}.Debug|Any CPU.Build.0 = Debug|Any CPU
		{9CBC23C7-1B35-43BD-9023-0BCB248BA4F3}.Release|Any CPU.ActiveCfg = Release|Any CPU
		{9CBC23C7-1B35-43BD-9023-0BCB248BA4F3}.Release|Any CPU.Build.0 = Release|Any CPU
		{AB0A0297-FAEA-4302-B8FC-CF1828EC948B}.Debug|Any CPU.ActiveCfg = Debug|Any CPU
		{AB0A0297-FAEA-4302-B8FC-CF1828EC948B}.Debug|Any CPU.Build.0 = Debug|Any CPU
		{AB0A0297-FAEA-4302-B8FC-CF1828EC948B}.Release|Any CPU.ActiveCfg = Release|Any CPU
		{AB0A0297-FAEA-4302-B8FC-CF1828EC948B}.Release|Any CPU.Build.0 = Release|Any CPU
		{2AF3E3C7-E604-4568-B1E5-904BAA1261A5}.Debug|Any CPU.ActiveCfg = Debug|Any CPU
		{2AF3E3C7-E604-4568-B1E5-904BAA1261A5}.Debug|Any CPU.Build.0 = Debug|Any CPU
		{2AF3E3C7-E604-4568-B1E5-904BAA1261A5}.Release|Any CPU.ActiveCfg = Release|Any CPU
		{2AF3E3C7-E604-4568-B1E5-904BAA1261A5}.Release|Any CPU.Build.0 = Release|Any CPU
	EndGlobalSection
	GlobalSection(SolutionProperties) = preSolution
		HideSolutionNode = FALSE
	EndGlobalSection
	GlobalSection(ExtensibilityGlobals) = postSolution
		SolutionGuid = {836D170C-3A92-4323-8524-8830298E763F}
	EndGlobalSection
EndGlobal
